{
  "nodes": {
    "darwin": {
      "inputs": {
        "nixpkgs": [
          "nixpkgs"
        ]
      },
      "locked": {
        "lastModified": 1696360011,
        "narHash": "sha256-HpPv27qMuPou4acXcZ8Klm7Zt0Elv9dgDvSJaomWb9Y=",
        "owner": "lnl7",
        "repo": "nix-darwin",
        "rev": "8b6ea26d5d2e8359d06278364f41fbc4b903b28a",
        "type": "github"
      },
      "original": {
        "owner": "lnl7",
        "repo": "nix-darwin",
        "type": "github"
      }
    },
    "dudeofawesome_dotfiles": {
      "flake": false,
      "locked": {
        "lastModified": 1692686628,
        "narHash": "sha256-/oP00RLrLbuP/6aQXVr79SRY+iqfgyfxpDx7ln/d4FA=",
        "owner": "dudeofawesome",
        "repo": "dotfiles",
        "rev": "f1fae5510eac5283ee4a03d18a97b977aee4f895",
        "type": "github"
      },
      "original": {
        "owner": "dudeofawesome",
        "repo": "dotfiles",
        "type": "github"
      }
    },
    "fish-doa-tide-settings": {
      "flake": false,
      "locked": {
        "lastModified": 1692649041,
        "narHash": "sha256-/0mII9mRnJJEezYPsiTl9GZJA/tdm+5uWKOQp9xr6+E=",
        "owner": "dudeofawesome",
        "repo": "fish-plugin-doa-tide-settings",
        "rev": "fca72771414463e73da57e338683b8729f2afae9",
        "type": "github"
      },
      "original": {
        "owner": "dudeofawesome",
        "repo": "fish-plugin-doa-tide-settings",
        "type": "github"
      }
    },
    "fish-node-binpath": {
      "flake": false,
      "locked": {
        "lastModified": 1611812622,
        "narHash": "sha256-8MQQ6LUBNgvUkgXu7ZWmfo2wRghCML4jXVxYUAXiwRc=",
        "owner": "dudeofawesome",
        "repo": "plugin-node-binpath",
        "rev": "3d190054a4eb49b1cf656de4e3893ded33ce3023",
        "type": "github"
      },
      "original": {
        "owner": "dudeofawesome",
        "repo": "plugin-node-binpath",
        "type": "github"
      }
    },
    "fish-node-version": {
      "flake": false,
      "locked": {
        "lastModified": 1686870747,
        "narHash": "sha256-WD7Kgn2WIg4jBIvN/nFGx5Qeo2JkL2o74e4+HJKi8y8=",
        "owner": "dudeofawesome",
        "repo": "fish-plugin-node-version",
        "rev": "d135a01b32473e7978d22d071e5704a8964159e1",
        "type": "github"
      },
      "original": {
        "owner": "dudeofawesome",
        "repo": "fish-plugin-node-version",
        "type": "github"
      }
    },
    "fish-shell-integrations": {
      "flake": false,
      "locked": {
        "lastModified": 1692437586,
        "narHash": "sha256-EKBxt5ENSDpXWzexknYcrEVNGbEpHtcuY9+X4vQYJi0=",
        "owner": "dudeofawesome",
        "repo": "fish-plugin-shell-integrations",
        "rev": "1fd292267dfa611d057443e53e19cf6ff69040c0",
        "type": "github"
      },
      "original": {
        "owner": "dudeofawesome",
        "repo": "fish-plugin-shell-integrations",
        "type": "github"
      }
    },
    "flake-compat": {
      "flake": false,
      "locked": {
        "lastModified": 1673956053,
        "narHash": "sha256-4gtG9iQuiKITOjNQQeQIpoIB6b16fm+504Ch3sNKLd8=",
        "owner": "edolstra",
        "repo": "flake-compat",
        "rev": "35bb57c0c8d8b62bbfd284272c928ceb64ddbde9",
        "type": "github"
      },
      "original": {
        "owner": "edolstra",
        "repo": "flake-compat",
        "type": "github"
      }
    },
    "flake-utils": {
      "inputs": {
        "systems": "systems"
      },
      "locked": {
        "lastModified": 1681202837,
        "narHash": "sha256-H+Rh19JDwRtpVPAWp64F+rlEtxUWBAQW28eAi3SRSzg=",
        "owner": "numtide",
        "repo": "flake-utils",
        "rev": "cfacdce06f30d2b68473a46042957675eebb3401",
        "type": "github"
      },
      "original": {
        "owner": "numtide",
        "repo": "flake-utils",
        "type": "github"
      }
    },
    "home-manager": {
      "inputs": {
        "nixpkgs": [
          "nixpkgs"
        ]
      },
      "locked": {
        "lastModified": 1697371398,
        "narHash": "sha256-Tn5feZ5SoYHQM9BTjw5e06DuNu8wc21gC9+bq/kXA8Y=",
        "owner": "nix-community",
        "repo": "home-manager",
        "rev": "3b67ae3f665379c06999641f99d94dba75b53876",
        "type": "github"
      },
      "original": {
        "owner": "nix-community",
        "repo": "home-manager",
        "type": "github"
      }
    },
    "nix-vscode-extensions": {
      "inputs": {
        "flake-compat": "flake-compat",
        "flake-utils": "flake-utils",
        "nixpkgs": "nixpkgs"
      },
      "locked": {
        "lastModified": 1697333114,
        "narHash": "sha256-xZ3hFKbndbI+sB7bNL6IWknqV9NjolaGlIx/HmnKEh8=",
        "owner": "nix-community",
        "repo": "nix-vscode-extensions",
        "rev": "cb50f985151b5e61532fe373e4e1a26504d002c3",
        "type": "github"
      },
      "original": {
        "owner": "nix-community",
        "repo": "nix-vscode-extensions",
        "type": "github"
      }
    },
    "nixpkgs": {
      "locked": {
        "lastModified": 1684570954,
        "narHash": "sha256-FX5y4Sm87RWwfu9PI71XFvuRpZLowh00FQpIJ1WfXqE=",
        "owner": "NixOS",
        "repo": "nixpkgs",
        "rev": "3005f20ce0aaa58169cdee57c8aa12e5f1b6e1b3",
        "type": "github"
      },
      "original": {
        "owner": "NixOS",
        "ref": "nixos-unstable",
        "repo": "nixpkgs",
        "type": "github"
      }
    },
    "nixpkgs-stable": {
      "locked": {
        "lastModified": 1697226376,
        "narHash": "sha256-cumLLb1QOUtWieUnLGqo+ylNt3+fU8Lcv5Zl+tYbRUE=",
        "owner": "nixos",
        "repo": "nixpkgs",
        "rev": "898cb2064b6e98b8c5499f37e81adbdf2925f7c5",
        "type": "github"
      },
      "original": {
        "owner": "nixos",
        "ref": "nixos-23.05",
        "repo": "nixpkgs",
        "type": "github"
      }
    },
    "nixpkgs_2": {
      "locked": {
        "lastModified": 1697059129,
        "narHash": "sha256-9NJcFF9CEYPvHJ5ckE8kvINvI84SZZ87PvqMbH6pro0=",
        "owner": "nixos",
        "repo": "nixpkgs",
        "rev": "5e4c2ada4fcd54b99d56d7bd62f384511a7e2593",
        "type": "github"
      },
      "original": {
        "owner": "nixos",
        "ref": "nixos-unstable",
        "repo": "nixpkgs",
        "type": "github"
      }
    },
    "nur": {
      "locked": {
        "lastModified": 1697388351,
        "narHash": "sha256-yA6anCavrHfPtwvijTcGlQg8XwyihHOesltuHi4k6ho=",
        "owner": "nix-community",
        "repo": "NUR",
        "rev": "9750fe72a53a7ddeeafc9329c4f9ad17c3d9c7e9",
        "type": "github"
      },
      "original": {
        "owner": "nix-community",
        "repo": "NUR",
        "type": "github"
      }
    },
    "root": {
      "inputs": {
        "darwin": "darwin",
        "dudeofawesome_dotfiles": "dudeofawesome_dotfiles",
        "fish-doa-tide-settings": "fish-doa-tide-settings",
        "fish-node-binpath": "fish-node-binpath",
        "fish-node-version": "fish-node-version",
        "fish-shell-integrations": "fish-shell-integrations",
        "home-manager": "home-manager",
        "nix-vscode-extensions": "nix-vscode-extensions",
        "nixpkgs": "nixpkgs_2",
        "nixpkgs-stable": "nixpkgs-stable",
        "nur": "nur",
        "upaymeifixit_dotfiles": "upaymeifixit_dotfiles",
        "vim-lumen": "vim-lumen"
      }
    },
    "systems": {
      "locked": {
        "lastModified": 1681028828,
        "narHash": "sha256-Vy1rq5AaRuLzOxct8nz4T6wlgyUR7zLU309k9mBC768=",
        "owner": "nix-systems",
        "repo": "default",
        "rev": "da67096a3b9bf56a91d16901293e51ba5b49a27e",
        "type": "github"
      },
      "original": {
        "owner": "nix-systems",
        "repo": "default",
        "type": "github"
      }
    },
    "upaymeifixit_dotfiles": {
      "flake": false,
      "locked": {
        "lastModified": 1693954015,
        "narHash": "sha256-4YCRg36BR5O6dxMdOm9BGvO5EgdeMyYaMHIKBBSJcj4=",
        "owner": "upaymeifixit",
        "repo": "dotfiles",
        "rev": "b41606c12f3f3bf98b9ca7596698fe8ce221d3c3",
        "type": "github"
      },
      "original": {
        "owner": "upaymeifixit",
        "repo": "dotfiles",
        "type": "github"
      }
    },
    "vim-lumen": {
      "flake": false,
      "locked": {
        "lastModified": 1697323847,
        "narHash": "sha256-oCTi+DWcD5aGNbqkiKr7DAzhQEInTm2+mtalTMtaSWw=",
        "owner": "vimpostor",
        "repo": "vim-lumen",
        "rev": "7b03332f602706b4d7e99a1cae35a13a9fa0ab15",
        "type": "github"
      },
      "original": {
        "owner": "vimpostor",
        "repo": "vim-lumen",
        "type": "github"
      }
    }
  },
  "root": "root",
  "version": 7
}
