{
  "nodes": {
    "_1password-shell-plugins": {
      "inputs": {
        "flake-utils": "flake-utils",
        "nixpkgs": [
          "nixpkgs"
        ]
      },
      "locked": {
        "lastModified": 1727269329,
        "narHash": "sha256-GUqMvwmoVVCHq95WpZa2bIQ6sALL9qlld7HTxPWRcl0=",
        "owner": "1Password",
        "repo": "shell-plugins",
        "rev": "36e4bf4d5b177dd059cafdafaed34bd3264e1e2e",
        "type": "github"
      },
      "original": {
        "owner": "1Password",
        "repo": "shell-plugins",
        "type": "github"
      }
    },
    "darwin": {
      "inputs": {
        "nixpkgs": [
          "nixpkgs"
        ]
      },
      "locked": {
        "lastModified": 1730165900,
        "narHash": "sha256-svfZVrk3QV9adnDmgIhv887yAO1qPk3CfGt+xRHhcj4=",
        "owner": "lnl7",
        "repo": "nix-darwin",
        "rev": "a55c84e06f547b12710ad001f2ed2d21e8f902c0",
        "type": "github"
      },
      "original": {
        "owner": "lnl7",
        "repo": "nix-darwin",
        "type": "github"
      }
    },
    "disko": {
      "inputs": {
        "nixpkgs": [
          "nixpkgs"
        ]
      },
      "locked": {
        "lastModified": 1730135292,
        "narHash": "sha256-QUU1P8x42b8moaUsxJkamfcRXdyNjIq79ZThzT3CVUA=",
        "owner": "nix-community",
        "repo": "disko",
        "rev": "0e55423bf8c241cf18676a8b8424c7eadd170ffc",
        "type": "github"
      },
      "original": {
        "owner": "nix-community",
        "repo": "disko",
        "type": "github"
      }
    },
    "dudeofawesome_dotfiles": {
      "flake": false,
      "locked": {
        "lastModified": 1702324255,
        "narHash": "sha256-FehOJZjS8mBxKb0mr0obSDlvdudgDsdFrAlOx/42aBU=",
        "owner": "dudeofawesome",
        "repo": "dotfiles",
        "rev": "55fe7748db24f14148c5d3b59096921c6d7431b7",
        "type": "github"
      },
      "original": {
        "owner": "dudeofawesome",
        "repo": "dotfiles",
        "type": "github"
      }
    },
    "fish-doa-tide-settings": {
      "flake": false,
      "locked": {
        "lastModified": 1704501786,
        "narHash": "sha256-kOk3L6LJw45704AkTIQeMBUxlGu5qHiH2n1dI2swb1k=",
        "owner": "dudeofawesome",
        "repo": "fish-plugin-doa-tide-settings",
        "rev": "7b4a964e373736beb31d0438cb6a357006faefb1",
        "type": "github"
      },
      "original": {
        "owner": "dudeofawesome",
        "repo": "fish-plugin-doa-tide-settings",
        "type": "github"
      }
    },
    "fish-editor-updater": {
      "flake": false,
      "locked": {
        "lastModified": 1702875288,
        "narHash": "sha256-cS95OGrq0u9/VS19wTpzx/d8nMZqzxZt7Lzj0M/9Yp0=",
        "owner": "dudeofawesome",
        "repo": "fish-plugin-editor-updater",
        "rev": "0fb6a8f3c3405ee232c6aec92e2c5151d78fe2f3",
        "type": "github"
      },
      "original": {
        "owner": "dudeofawesome",
        "repo": "fish-plugin-editor-updater",
        "type": "github"
      }
    },
    "fish-node-binpath": {
      "flake": false,
      "locked": {
        "lastModified": 1611812622,
        "narHash": "sha256-8MQQ6LUBNgvUkgXu7ZWmfo2wRghCML4jXVxYUAXiwRc=",
        "owner": "dudeofawesome",
        "repo": "plugin-node-binpath",
        "rev": "3d190054a4eb49b1cf656de4e3893ded33ce3023",
        "type": "github"
      },
      "original": {
        "owner": "dudeofawesome",
        "repo": "plugin-node-binpath",
        "type": "github"
      }
    },
    "fish-node-version": {
      "flake": false,
      "locked": {
        "lastModified": 1686870747,
        "narHash": "sha256-WD7Kgn2WIg4jBIvN/nFGx5Qeo2JkL2o74e4+HJKi8y8=",
        "owner": "dudeofawesome",
        "repo": "fish-plugin-node-version",
        "rev": "d135a01b32473e7978d22d071e5704a8964159e1",
        "type": "github"
      },
      "original": {
        "owner": "dudeofawesome",
        "repo": "fish-plugin-node-version",
        "type": "github"
      }
    },
    "fish-osx": {
      "flake": false,
      "locked": {
        "lastModified": 1547481988,
        "narHash": "sha256-jSUIk3ewM6QnfoAtp16l96N1TlX6vR0d99dvEH53Xgw=",
        "owner": "oh-my-fish",
        "repo": "plugin-osx",
        "rev": "27039b251201ec2e70d8e8052cbc59fa0ac3b3cd",
        "type": "github"
      },
      "original": {
        "owner": "oh-my-fish",
        "repo": "plugin-osx",
        "type": "github"
      }
    },
    "fish-shell-integrations": {
      "flake": false,
      "locked": {
        "lastModified": 1702667764,
        "narHash": "sha256-fvtimmdxFDA+MQkZODMMQTnH7ICVHtsofPSk0fl7nm0=",
        "owner": "dudeofawesome",
        "repo": "fish-plugin-shell-integrations",
        "rev": "72c9c7a6d1e2923c8d70da02a0e440c24744e9e4",
        "type": "github"
      },
      "original": {
        "owner": "dudeofawesome",
        "repo": "fish-plugin-shell-integrations",
        "type": "github"
      }
    },
    "flake-compat": {
      "flake": false,
      "locked": {
        "lastModified": 1696426674,
        "narHash": "sha256-kvjfFW7WAETZlt09AgDn1MrtKzP7t90Vf7vypd3OL1U=",
        "owner": "edolstra",
        "repo": "flake-compat",
        "rev": "0f9255e01c2351cc7d116c072cb317785dd33b33",
        "type": "github"
      },
      "original": {
        "owner": "edolstra",
        "repo": "flake-compat",
        "type": "github"
      }
    },
    "flake-utils": {
      "inputs": {
        "systems": "systems"
      },
      "locked": {
        "lastModified": 1710146030,
        "narHash": "sha256-SZ5L6eA7HJ/nmkzGG7/ISclqe6oZdOZTNoesiInkXPQ=",
        "owner": "numtide",
        "repo": "flake-utils",
        "rev": "b1d9ab70662946ef0850d488da1c9019f3a9752a",
        "type": "github"
      },
      "original": {
        "owner": "numtide",
        "repo": "flake-utils",
        "type": "github"
      }
    },
    "flake-utils_2": {
      "inputs": {
        "systems": "systems_2"
      },
      "locked": {
        "lastModified": 1710146030,
        "narHash": "sha256-SZ5L6eA7HJ/nmkzGG7/ISclqe6oZdOZTNoesiInkXPQ=",
        "owner": "numtide",
        "repo": "flake-utils",
        "rev": "b1d9ab70662946ef0850d488da1c9019f3a9752a",
        "type": "github"
      },
      "original": {
        "owner": "numtide",
        "repo": "flake-utils",
        "type": "github"
      }
    },
    "flake-utils_3": {
      "inputs": {
        "systems": "systems_3"
      },
      "locked": {
        "lastModified": 1681202837,
        "narHash": "sha256-H+Rh19JDwRtpVPAWp64F+rlEtxUWBAQW28eAi3SRSzg=",
        "owner": "numtide",
        "repo": "flake-utils",
        "rev": "cfacdce06f30d2b68473a46042957675eebb3401",
        "type": "github"
      },
      "original": {
        "owner": "numtide",
        "repo": "flake-utils",
        "type": "github"
      }
    },
    "home-manager": {
      "inputs": {
        "nixpkgs": [
          "nixpkgs"
        ]
      },
      "locked": {
        "lastModified": 1730016908,
        "narHash": "sha256-bFCxJco7d8IgmjfNExNz9knP8wvwbXU4s/d53KOK6U0=",
        "owner": "nix-community",
        "repo": "home-manager",
        "rev": "e83414058edd339148dc142a8437edb9450574c8",
        "type": "github"
      },
      "original": {
        "owner": "nix-community",
        "repo": "home-manager",
        "type": "github"
      }
    },
    "nix-vscode-extensions": {
      "inputs": {
        "flake-compat": "flake-compat",
        "flake-utils": "flake-utils_2",
        "nixpkgs": [
          "nixpkgs"
        ]
      },
      "locked": {
        "lastModified": 1730166645,
        "narHash": "sha256-r+cFrkHjf93QHzAid/IAIoTjY8icOFu5iCCQ5e/Sd98=",
        "owner": "nix-community",
        "repo": "nix-vscode-extensions",
        "rev": "be01145d66a5cdaf0a620b8b277a8e05f1fba84b",
        "type": "github"
      },
      "original": {
        "owner": "nix-community",
        "repo": "nix-vscode-extensions",
        "type": "github"
      }
    },
    "nixpkgs": {
      "locked": {
        "lastModified": 1729880355,
        "narHash": "sha256-RP+OQ6koQQLX5nw0NmcDrzvGL8HDLnyXt/jHhL1jwjM=",
        "owner": "nixos",
        "repo": "nixpkgs",
        "rev": "18536bf04cd71abd345f9579158841376fdd0c5a",
        "type": "github"
      },
      "original": {
        "owner": "nixos",
        "ref": "nixos-unstable",
        "repo": "nixpkgs",
        "type": "github"
      }
    },
    "nixpkgs-stable": {
      "locked": {
        "lastModified": 1720535198,
        "narHash": "sha256-zwVvxrdIzralnSbcpghA92tWu2DV2lwv89xZc8MTrbg=",
        "owner": "nixos",
        "repo": "nixpkgs",
        "rev": "205fd4226592cc83fd4c0885a3e4c9c400efabb5",
        "type": "github"
      },
      "original": {
        "owner": "nixos",
        "ref": "nixos-23.11",
        "repo": "nixpkgs",
        "type": "github"
      }
    },
    "nur": {
      "locked": {
        "lastModified": 1730171897,
        "narHash": "sha256-cHzLaPfZpdEoLpNzDYLdg3mxdAxMRgQUUUf76wjt8Ak=",
        "owner": "nix-community",
        "repo": "NUR",
        "rev": "f2e441ae37c6ccc87499dd11f1845178a5eedabf",
        "type": "github"
      },
      "original": {
        "owner": "nix-community",
        "repo": "NUR",
        "type": "github"
      }
    },
    "root": {
      "inputs": {
        "_1password-shell-plugins": "_1password-shell-plugins",
        "darwin": "darwin",
        "disko": "disko",
        "dudeofawesome_dotfiles": "dudeofawesome_dotfiles",
        "fish-doa-tide-settings": "fish-doa-tide-settings",
        "fish-editor-updater": "fish-editor-updater",
        "fish-node-binpath": "fish-node-binpath",
        "fish-node-version": "fish-node-version",
        "fish-osx": "fish-osx",
        "fish-shell-integrations": "fish-shell-integrations",
        "home-manager": "home-manager",
        "nix-vscode-extensions": "nix-vscode-extensions",
        "nixpkgs": "nixpkgs",
        "nixpkgs-stable": "nixpkgs-stable",
        "nur": "nur",
        "sops": "sops",
        "upaymeifixit_dotfiles": "upaymeifixit_dotfiles",
        "vim-lumen": "vim-lumen",
        "vscode-server": "vscode-server"
      }
    },
    "sops": {
      "inputs": {
        "nixpkgs": [
          "nixpkgs"
        ],
        "nixpkgs-stable": []
      },
      "locked": {
        "lastModified": 1729999681,
        "narHash": "sha256-qm0uCtM9bg97LeJTKQ8dqV/FvqRN+ompyW4GIJruLuw=",
        "owner": "Mic92",
        "repo": "sops-nix",
        "rev": "1666d16426abe79af5c47b7c0efa82fd31bf4c56",
        "type": "github"
      },
      "original": {
        "owner": "Mic92",
        "repo": "sops-nix",
        "type": "github"
      }
    },
    "systems": {
      "locked": {
        "lastModified": 1681028828,
        "narHash": "sha256-Vy1rq5AaRuLzOxct8nz4T6wlgyUR7zLU309k9mBC768=",
        "owner": "nix-systems",
        "repo": "default",
        "rev": "da67096a3b9bf56a91d16901293e51ba5b49a27e",
        "type": "github"
      },
      "original": {
        "owner": "nix-systems",
        "repo": "default",
        "type": "github"
      }
    },
    "systems_2": {
      "locked": {
        "lastModified": 1681028828,
        "narHash": "sha256-Vy1rq5AaRuLzOxct8nz4T6wlgyUR7zLU309k9mBC768=",
        "owner": "nix-systems",
        "repo": "default",
        "rev": "da67096a3b9bf56a91d16901293e51ba5b49a27e",
        "type": "github"
      },
      "original": {
        "owner": "nix-systems",
        "repo": "default",
        "type": "github"
      }
    },
    "systems_3": {
      "locked": {
        "lastModified": 1681028828,
        "narHash": "sha256-Vy1rq5AaRuLzOxct8nz4T6wlgyUR7zLU309k9mBC768=",
        "owner": "nix-systems",
        "repo": "default",
        "rev": "da67096a3b9bf56a91d16901293e51ba5b49a27e",
        "type": "github"
      },
      "original": {
        "owner": "nix-systems",
        "repo": "default",
        "type": "github"
      }
    },
    "upaymeifixit_dotfiles": {
      "flake": false,
      "locked": {
        "lastModified": 1693954015,
        "narHash": "sha256-4YCRg36BR5O6dxMdOm9BGvO5EgdeMyYaMHIKBBSJcj4=",
        "owner": "upaymeifixit",
        "repo": "dotfiles",
        "rev": "b41606c12f3f3bf98b9ca7596698fe8ce221d3c3",
        "type": "github"
      },
      "original": {
        "owner": "upaymeifixit",
        "repo": "dotfiles",
        "type": "github"
      }
    },
    "vim-lumen": {
      "flake": false,
      "locked": {
        "lastModified": 1726782166,
        "narHash": "sha256-rsDUDI9lh4CEX1upMBjeyBOm99GAXWGPQ9vSCN8cmFo=",
        "owner": "vimpostor",
        "repo": "vim-lumen",
        "rev": "ac13c32c3e309f6c6a84ff6cad8dbb135e75f0e4",
        "type": "github"
      },
      "original": {
        "owner": "vimpostor",
        "repo": "vim-lumen",
        "type": "github"
      }
    },
    "vscode-server": {
      "inputs": {
        "flake-utils": "flake-utils_3",
        "nixpkgs": [
          "nixpkgs"
        ]
      },
      "locked": {
        "lastModified": 1729422940,
        "narHash": "sha256-DlvJv33ml5UTKgu4b0HauOfFIoDx6QXtbqUF3vWeRCY=",
        "owner": "nix-community",
        "repo": "nixos-vscode-server",
        "rev": "8b6db451de46ecf9b4ab3d01ef76e59957ff549f",
        "type": "github"
      },
      "original": {
        "owner": "nix-community",
        "repo": "nixos-vscode-server",
        "type": "github"
      }
    }
  },
  "root": "root",
  "version": 7
}
