{
  "nodes": {
    "claude-code-nix": {
      "inputs": {
        "flake-utils": "flake-utils",
        "nixpkgs": [
          "nixpkgs-linux-stable"
        ]
      },
      "locked": {
        "lastModified": 1778036377,
        "narHash": "sha256-IeDOePCRgWJ2MpH699ugER4k5bxUuzoHJ0I3PFIfG3s=",
        "owner": "sadjow",
        "repo": "claude-code-nix",
        "rev": "5cc6ebb7484bee457abaa58d51951ba49c4a0a27",
        "type": "github"
      },
      "original": {
        "owner": "sadjow",
        "repo": "claude-code-nix",
        "type": "github"
      }
    },
    "codex-cli-nix": {
      "inputs": {
        "flake-utils": "flake-utils_2",
        "nixpkgs": [
          "nixpkgs-linux-stable"
        ]
      },
      "locked": {
        "lastModified": 1777661972,
        "narHash": "sha256-VmcoQGZ3BNFlsI2jKUQH33MvEgkU6pvdxq4tofVLgmo=",
        "owner": "sadjow",
        "repo": "codex-cli-nix",
        "rev": "828b885b1be90991a2bd1087f2afd722476bfaed",
        "type": "github"
      },
      "original": {
        "owner": "sadjow",
        "repo": "codex-cli-nix",
        "type": "github"
      }
    },
    "darwin": {
      "inputs": {
        "nixpkgs": [
          "nixpkgs-darwin-stable"
        ]
      },
      "locked": {
        "lastModified": 1772129556,
        "narHash": "sha256-Utk0zd8STPsUJPyjabhzPc5BpPodLTXrwkpXBHYnpeg=",
        "owner": "nix-darwin",
        "repo": "nix-darwin",
        "rev": "ebec37af18215214173c98cf6356d0aca24a2585",
        "type": "github"
      },
      "original": {
        "owner": "nix-darwin",
        "ref": "nix-darwin-25.11",
        "repo": "nix-darwin",
        "type": "github"
      }
    },
    "disko": {
      "inputs": {
        "nixpkgs": [
          "nixpkgs-linux-stable"
        ]
      },
      "locked": {
        "lastModified": 1777713215,
        "narHash": "sha256-8GzXDOXckDWwST8TY5DbwYFjdvQLlP7K9CLSVx6iTTo=",
        "owner": "nix-community",
        "repo": "disko",
        "rev": "63b4e7e6cf75307c1d26ac3762b886b5b0247267",
        "type": "github"
      },
      "original": {
        "owner": "nix-community",
        "repo": "disko",
        "type": "github"
      }
    },
    "dudeofawesome_dotfiles": {
      "flake": false,
      "locked": {
        "lastModified": 1702324255,
        "narHash": "sha256-FehOJZjS8mBxKb0mr0obSDlvdudgDsdFrAlOx/42aBU=",
        "owner": "dudeofawesome",
        "repo": "dotfiles",
        "rev": "55fe7748db24f14148c5d3b59096921c6d7431b7",
        "type": "github"
      },
      "original": {
        "owner": "dudeofawesome",
        "repo": "dotfiles",
        "type": "github"
      }
    },
    "fish-editor-updater": {
      "flake": false,
      "locked": {
        "lastModified": 1776450342,
        "narHash": "sha256-R/ptewWIQUYdQ4zhsrP9IZVFf93Z8uu1LZa+QUgFonc=",
        "owner": "dudeofawesome",
        "repo": "fish-plugin-editor-updater",
        "rev": "4375b46b33e30280528341094b6ffe4e2af02f44",
        "type": "github"
      },
      "original": {
        "owner": "dudeofawesome",
        "repo": "fish-plugin-editor-updater",
        "type": "github"
      }
    },
    "fish-node-binpath": {
      "flake": false,
      "locked": {
        "lastModified": 1611812622,
        "narHash": "sha256-8MQQ6LUBNgvUkgXu7ZWmfo2wRghCML4jXVxYUAXiwRc=",
        "owner": "dudeofawesome",
        "repo": "plugin-node-binpath",
        "rev": "3d190054a4eb49b1cf656de4e3893ded33ce3023",
        "type": "github"
      },
      "original": {
        "owner": "dudeofawesome",
        "repo": "plugin-node-binpath",
        "type": "github"
      }
    },
    "fish-node-version": {
      "flake": false,
      "locked": {
        "lastModified": 1686870747,
        "narHash": "sha256-WD7Kgn2WIg4jBIvN/nFGx5Qeo2JkL2o74e4+HJKi8y8=",
        "owner": "dudeofawesome",
        "repo": "fish-plugin-node-version",
        "rev": "d135a01b32473e7978d22d071e5704a8964159e1",
        "type": "github"
      },
      "original": {
        "owner": "dudeofawesome",
        "repo": "fish-plugin-node-version",
        "type": "github"
      }
    },
    "fish-nvm": {
      "flake": false,
      "locked": {
        "lastModified": 1764943543,
        "narHash": "sha256-ZY443mWe/J2eSylzgNEJiLvurqE9StWGb0fvGHthqA0=",
        "owner": "jorgebucaran",
        "repo": "nvm.fish",
        "rev": "cc70373951379cb986a99f059bfc1e9834a3bdd7",
        "type": "github"
      },
      "original": {
        "owner": "jorgebucaran",
        "repo": "nvm.fish",
        "type": "github"
      }
    },
    "fish-osx": {
      "flake": false,
      "locked": {
        "lastModified": 1547481988,
        "narHash": "sha256-jSUIk3ewM6QnfoAtp16l96N1TlX6vR0d99dvEH53Xgw=",
        "owner": "oh-my-fish",
        "repo": "plugin-osx",
        "rev": "27039b251201ec2e70d8e8052cbc59fa0ac3b3cd",
        "type": "github"
      },
      "original": {
        "owner": "oh-my-fish",
        "repo": "plugin-osx",
        "type": "github"
      }
    },
    "fish-shell-integrations": {
      "flake": false,
      "locked": {
        "lastModified": 1733300630,
        "narHash": "sha256-j6BY1iJbSXdrn/ggbgXBwy2mp3BddcYmQTG2WtB3Q0A=",
        "owner": "dudeofawesome",
        "repo": "fish-plugin-shell-integrations",
        "rev": "76143c5ed6d0fabce86836144bfd76f695a1fd9b",
        "type": "github"
      },
      "original": {
        "owner": "dudeofawesome",
        "repo": "fish-plugin-shell-integrations",
        "type": "github"
      }
    },
    "flake-parts": {
      "inputs": {
        "nixpkgs-lib": [
          "nur",
          "nixpkgs"
        ]
      },
      "locked": {
        "lastModified": 1733312601,
        "narHash": "sha256-4pDvzqnegAfRkPwO3wmwBhVi/Sye1mzps0zHWYnP88c=",
        "owner": "hercules-ci",
        "repo": "flake-parts",
        "rev": "205b12d8b7cd4802fbcb8e8ef6a0f1408781a4f9",
        "type": "github"
      },
      "original": {
        "owner": "hercules-ci",
        "repo": "flake-parts",
        "type": "github"
      }
    },
    "flake-utils": {
      "inputs": {
        "systems": "systems"
      },
      "locked": {
        "lastModified": 1731533236,
        "narHash": "sha256-l0KFg5HjrsfsO/JpG+r7fRrqm12kzFHyUHqHCVpMMbI=",
        "owner": "numtide",
        "repo": "flake-utils",
        "rev": "11707dc2f618dd54ca8739b309ec4fc024de578b",
        "type": "github"
      },
      "original": {
        "owner": "numtide",
        "repo": "flake-utils",
        "type": "github"
      }
    },
    "flake-utils_2": {
      "inputs": {
        "systems": "systems_2"
      },
      "locked": {
        "lastModified": 1731533236,
        "narHash": "sha256-l0KFg5HjrsfsO/JpG+r7fRrqm12kzFHyUHqHCVpMMbI=",
        "owner": "numtide",
        "repo": "flake-utils",
        "rev": "11707dc2f618dd54ca8739b309ec4fc024de578b",
        "type": "github"
      },
      "original": {
        "owner": "numtide",
        "repo": "flake-utils",
        "type": "github"
      }
    },
    "flake-utils_3": {
      "inputs": {
        "systems": "systems_4"
      },
      "locked": {
        "lastModified": 1681202837,
        "narHash": "sha256-H+Rh19JDwRtpVPAWp64F+rlEtxUWBAQW28eAi3SRSzg=",
        "owner": "numtide",
        "repo": "flake-utils",
        "rev": "cfacdce06f30d2b68473a46042957675eebb3401",
        "type": "github"
      },
      "original": {
        "owner": "numtide",
        "repo": "flake-utils",
        "type": "github"
      }
    },
    "home-manager": {
      "inputs": {
        "nixpkgs": [
          "nixpkgs-linux-stable"
        ]
      },
      "locked": {
        "lastModified": 1777851538,
        "narHash": "sha256-Gp8qwTEYNoy2yvmErVGlvLOQvrtEECCAKbonW7VJef8=",
        "owner": "nix-community",
        "repo": "home-manager",
        "rev": "cc09c0f9b7eaa95c2d9827338a5eb03d32505ca5",
        "type": "github"
      },
      "original": {
        "owner": "nix-community",
        "ref": "release-25.11",
        "repo": "home-manager",
        "type": "github"
      }
    },
    "home-manager-master": {
      "inputs": {
        "nixpkgs": [
          "nixpkgs-linux-stable"
        ]
      },
      "locked": {
        "lastModified": 1778009629,
        "narHash": "sha256-nUoQtf4Zq7DRYJrfv904hjrxjAlWVP6a1pNNFKx3FCg=",
        "owner": "nix-community",
        "repo": "home-manager",
        "rev": "00ed86e58bb6979a7921859fd1615d19382eac5c",
        "type": "github"
      },
      "original": {
        "owner": "nix-community",
        "ref": "master",
        "repo": "home-manager",
        "type": "github"
      }
    },
    "nix-std": {
      "locked": {
        "lastModified": 1710870712,
        "narHash": "sha256-e+7MJF2gsgTBuOWv4mCimSP0D9+naeFSw9a7N3yEmv4=",
        "owner": "chessai",
        "repo": "nix-std",
        "rev": "31bbc925750cc9d8f828fe55cee1a2bd985e0c00",
        "type": "github"
      },
      "original": {
        "owner": "chessai",
        "repo": "nix-std",
        "type": "github"
      }
    },
    "nixpkgs-darwin-stable": {
      "locked": {
        "lastModified": 1777933422,
        "narHash": "sha256-WpfZLatstZKZV43HtpK4cbEdQZvHhwVRVtW/rc6YTRU=",
        "owner": "nixos",
        "repo": "nixpkgs",
        "rev": "41a7bd591bc47320390c829b9f16bfc59b25843c",
        "type": "github"
      },
      "original": {
        "owner": "nixos",
        "ref": "nixpkgs-25.11-darwin",
        "repo": "nixpkgs",
        "type": "github"
      }
    },
    "nixpkgs-linux-stable": {
      "locked": {
        "lastModified": 1778003029,
        "narHash": "sha256-q/nkKLDtHIyLjZpKhWk3cSK5IYsFqtMd6UtXF3ddjgA=",
        "owner": "nixos",
        "repo": "nixpkgs",
        "rev": "0c88e1f2bdb93d5999019e99cb0e61e1fe2af4c5",
        "type": "github"
      },
      "original": {
        "owner": "nixos",
        "ref": "nixos-25.11",
        "repo": "nixpkgs",
        "type": "github"
      }
    },
    "nixpkgs-unstable": {
      "locked": {
        "lastModified": 1777954456,
        "narHash": "sha256-hGdgeU2Nk87RAuZyYjyDjFL6LK7dAZN5RE9+hrDTkDU=",
        "owner": "nixos",
        "repo": "nixpkgs",
        "rev": "549bd84d6279f9852cae6225e372cc67fb91a4c1",
        "type": "github"
      },
      "original": {
        "owner": "nixos",
        "ref": "nixos-unstable",
        "repo": "nixpkgs",
        "type": "github"
      }
    },
    "nur": {
      "inputs": {
        "flake-parts": "flake-parts",
        "nixpkgs": [
          "nixpkgs-linux-stable"
        ]
      },
      "locked": {
        "lastModified": 1778056987,
        "narHash": "sha256-mrPqJm6HESStbi0zImbiEGMXrNAIx3jWSd9OAant8/s=",
        "owner": "nix-community",
        "repo": "NUR",
        "rev": "32c1784fb696b1560349b10c3520f9cb5e9d343e",
        "type": "github"
      },
      "original": {
        "owner": "nix-community",
        "repo": "NUR",
        "type": "github"
      }
    },
    "op-shell-plugins": {
      "inputs": {
        "nixpkgs": [
          "nixpkgs-linux-stable"
        ],
        "systems": "systems_3"
      },
      "locked": {
        "lastModified": 1777937547,
        "narHash": "sha256-zou0jC8DBmyVlvNLwl7dZPVe14W8xd1ZgrF0PTCU7hs=",
        "owner": "1Password",
        "repo": "shell-plugins",
        "rev": "8f84c96639d18fa8c48fa64ce47c88597371ed5a",
        "type": "github"
      },
      "original": {
        "owner": "1Password",
        "repo": "shell-plugins",
        "type": "github"
      }
    },
    "root": {
      "inputs": {
        "claude-code-nix": "claude-code-nix",
        "codex-cli-nix": "codex-cli-nix",
        "darwin": "darwin",
        "disko": "disko",
        "dudeofawesome_dotfiles": "dudeofawesome_dotfiles",
        "fish-editor-updater": "fish-editor-updater",
        "fish-node-binpath": "fish-node-binpath",
        "fish-node-version": "fish-node-version",
        "fish-nvm": "fish-nvm",
        "fish-osx": "fish-osx",
        "fish-shell-integrations": "fish-shell-integrations",
        "home-manager": "home-manager",
        "home-manager-master": "home-manager-master",
        "nix-std": "nix-std",
        "nixpkgs-darwin-stable": "nixpkgs-darwin-stable",
        "nixpkgs-linux-stable": "nixpkgs-linux-stable",
        "nixpkgs-unstable": "nixpkgs-unstable",
        "nur": "nur",
        "op-shell-plugins": "op-shell-plugins",
        "sops": "sops",
        "upaymeifixit_dotfiles": "upaymeifixit_dotfiles",
        "vim-lumen": "vim-lumen",
        "vscode-server": "vscode-server"
      }
    },
    "sops": {
      "inputs": {
        "nixpkgs": [
          "nixpkgs-linux-stable"
        ]
      },
      "locked": {
        "lastModified": 1777944972,
        "narHash": "sha256-VfGRo1qTBKOe3s2gOv8LSoA6Fk19PvBlwQ1ECN0Evn8=",
        "owner": "Mic92",
        "repo": "sops-nix",
        "rev": "c591bf665727040c6cc5cb409079acb22dcce33c",
        "type": "github"
      },
      "original": {
        "owner": "Mic92",
        "repo": "sops-nix",
        "type": "github"
      }
    },
    "systems": {
      "locked": {
        "lastModified": 1681028828,
        "narHash": "sha256-Vy1rq5AaRuLzOxct8nz4T6wlgyUR7zLU309k9mBC768=",
        "owner": "nix-systems",
        "repo": "default",
        "rev": "da67096a3b9bf56a91d16901293e51ba5b49a27e",
        "type": "github"
      },
      "original": {
        "owner": "nix-systems",
        "repo": "default",
        "type": "github"
      }
    },
    "systems_2": {
      "locked": {
        "lastModified": 1681028828,
        "narHash": "sha256-Vy1rq5AaRuLzOxct8nz4T6wlgyUR7zLU309k9mBC768=",
        "owner": "nix-systems",
        "repo": "default",
        "rev": "da67096a3b9bf56a91d16901293e51ba5b49a27e",
        "type": "github"
      },
      "original": {
        "owner": "nix-systems",
        "repo": "default",
        "type": "github"
      }
    },
    "systems_3": {
      "locked": {
        "lastModified": 1681028828,
        "narHash": "sha256-Vy1rq5AaRuLzOxct8nz4T6wlgyUR7zLU309k9mBC768=",
        "owner": "nix-systems",
        "repo": "default",
        "rev": "da67096a3b9bf56a91d16901293e51ba5b49a27e",
        "type": "github"
      },
      "original": {
        "owner": "nix-systems",
        "repo": "default",
        "type": "github"
      }
    },
    "systems_4": {
      "locked": {
        "lastModified": 1681028828,
        "narHash": "sha256-Vy1rq5AaRuLzOxct8nz4T6wlgyUR7zLU309k9mBC768=",
        "owner": "nix-systems",
        "repo": "default",
        "rev": "da67096a3b9bf56a91d16901293e51ba5b49a27e",
        "type": "github"
      },
      "original": {
        "owner": "nix-systems",
        "repo": "default",
        "type": "github"
      }
    },
    "upaymeifixit_dotfiles": {
      "flake": false,
      "locked": {
        "lastModified": 1693954015,
        "narHash": "sha256-4YCRg36BR5O6dxMdOm9BGvO5EgdeMyYaMHIKBBSJcj4=",
        "owner": "upaymeifixit",
        "repo": "dotfiles",
        "rev": "b41606c12f3f3bf98b9ca7596698fe8ce221d3c3",
        "type": "github"
      },
      "original": {
        "owner": "upaymeifixit",
        "repo": "dotfiles",
        "type": "github"
      }
    },
    "vim-lumen": {
      "flake": false,
      "locked": {
        "lastModified": 1741282073,
        "narHash": "sha256-SVco2qf7rr2Umgk7B6fEnyebt1zfsaDDCjR9WPTXYqg=",
        "owner": "vimpostor",
        "repo": "vim-lumen",
        "rev": "97157aac9f0d24c144a3defdfe5057ee61e18dcb",
        "type": "github"
      },
      "original": {
        "owner": "vimpostor",
        "repo": "vim-lumen",
        "type": "github"
      }
    },
    "vscode-server": {
      "inputs": {
        "flake-utils": "flake-utils_3",
        "nixpkgs": [
          "nixpkgs-linux-stable"
        ]
      },
      "locked": {
        "lastModified": 1770124655,
        "narHash": "sha256-yHmd2B13EtBUPLJ+x0EaBwNkQr9LTne1arLVxT6hSnY=",
        "owner": "nix-community",
        "repo": "nixos-vscode-server",
        "rev": "92ce71c3ba5a94f854e02d57b14af4997ab54ef0",
        "type": "github"
      },
      "original": {
        "owner": "nix-community",
        "repo": "nixos-vscode-server",
        "type": "github"
      }
    }
  },
  "root": "root",
  "version": 7
}
